
Microsoft Visual Studio Solution File, Format Version 12.00
# Visual Studio 15
VisualStudioVersion = 15.0.28307.438
MinimumVisualStudioVersion = 10.0.40219.1
Project("{9A19103F-16F7-4668-BE54-9A1E7A4F7556}") = "FSecureAssignment", "FSecureAssignment\FSecureAssignment.csproj", "{9B596239-853C-4D99-A899-97B7E5B979B1}"
EndProject
Project("{9A19103F-16F7-4668-BE54-9A1E7A4F7556}") = "Services", "ProcessingService\Services.csproj", "{C6EB50DA-A0EA-4DB2-8A97-D8F46D931367}"
EndProject
Project("{FAE04EC0-301F-11D3-BF4B-00C04F79EFBC}") = "Tests", "Tests\Tests.csproj", "{44CD432B-26B5-4A09-ACA2-E86B990448DD}"
EndProject
Global
	GlobalSection(SolutionConfigurationPlatforms) = preSolution
		Debug|Any CPU = Debug|Any CPU
		Release|Any CPU = Release|Any CPU
	EndGlobalSection
	GlobalSection(ProjectConfigurationPlatforms) = postSolution
		{9B596239-853C-4D99-A899-97B7E5B979B1}.Debug|Any CPU.ActiveCfg = Debug|Any CPU
		{9B596239-853C-4D99-A899-97B7E5B979B1}.Debug|Any CPU.Build.0 = Debug|Any CPU
		{9B596239-853C-4D99-A899-97B7E5B979B1}.Release|Any CPU.ActiveCfg = Release|Any CPU
		{9B596239-853C-4D99-A899-97B7E5B979B1}.Release|Any CPU.Build.0 = Release|Any CPU
		{C6EB50DA-A0EA-4DB2-8A97-D8F46D931367}.Debug|Any CPU.ActiveCfg = Debug|Any CPU
		{C6EB50DA-A0EA-4DB2-8A97-D8F46D931367}.Debug|Any CPU.Build.0 = Debug|Any CPU
		{C6EB50DA-A0EA-4DB2-8A97-D8F46D931367}.Release|Any CPU.ActiveCfg = Release|Any CPU
		{C6EB50DA-A0EA-4DB2-8A97-D8F46D931367}.Release|Any CPU.Build.0 = Release|Any CPU
		{44CD432B-26B5-4A09-ACA2-E86B990448DD}.Debug|Any CPU.ActiveCfg = Debug|Any CPU
		{44CD432B-26B5-4A09-ACA2-E86B990448DD}.Debug|Any CPU.Build.0 = Debug|Any CPU
		{44CD432B-26B5-4A09-ACA2-E86B990448DD}.Release|Any CPU.ActiveCfg = Release|Any CPU
		{44CD432B-26B5-4A09-ACA2-E86B990448DD}.Release|Any CPU.Build.0 = Release|Any CPU
	EndGlobalSection
	GlobalSection(SolutionProperties) = preSolution
		HideSolutionNode = FALSE
	EndGlobalSection
	GlobalSection(ExtensibilityGlobals) = postSolution
		SolutionGuid = {7ED6C8FF-3190-4AE2-9D12-AD623F29C65F}
	EndGlobalSection
EndGlobal
